
Microsoft Visual Studio Solution File, Format Version 12.00
# Visual Studio Version 17
VisualStudioVersion = 17.14.36301.6 d17.14
MinimumVisualStudioVersion = 10.0.40219.1
Project("{FAE04EC0-301F-11D3-BF4B-00C04F79EFBC}") = "UniversityWorkflow.Api", "UniversityWorkflow.Api\UniversityWorkflow.Api.csproj", "{0DABD992-A195-4C0F-A62F-3B399ABB45E0}"
EndProject
Global
	GlobalSection(SolutionConfigurationPlatforms) = preSolution
		Debug|Any CPU = Debug|Any CPU
		Release|Any CPU = Release|Any CPU
	EndGlobalSection
	GlobalSection(ProjectConfigurationPlatforms) = postSolution
		{0DABD992-A195-4C0F-A62F-3B399ABB45E0}.Debug|Any CPU.ActiveCfg = Debug|Any CPU
		{0DABD992-A195-4C0F-A62F-3B399ABB45E0}.Debug|Any CPU.Build.0 = Debug|Any CPU
		{0DABD992-A195-4C0F-A62F-3B399ABB45E0}.Release|Any CPU.ActiveCfg = Release|Any CPU
		{0DABD992-A195-4C0F-A62F-3B399ABB45E0}.Release|Any CPU.Build.0 = Release|Any CPU
	EndGlobalSection
	GlobalSection(SolutionProperties) = preSolution
		HideSolutionNode = FALSE
	EndGlobalSection
	GlobalSection(ExtensibilityGlobals) = postSolution
		SolutionGuid = {28AD626A-DE4E-4C5E-8CC7-E340741E6D5D}
	EndGlobalSection
EndGlobal
